{
    "_readme": [
        "This file locks the dependencies of your project to a known state",
        "Read more about it at https://getcomposer.org/doc/01-basic-usage.md#installing-dependencies",
        "This file is @generated automatically"
    ],
    "content-hash": "41d2c59bf8d0fb216e45d7b8c15642a1",
    "packages": [
        {
            "name": "sebentleitner/logger",
            "version": "1.2.1",
            "dist": {
                "type": "path",
                "url": "../logger",
                "reference": "3835e55c4cc9e7766444b317792808e1c7397126"
            },
            "type": "library",
            "autoload": {
                "psr-4": {
                    "Sebentleitner\\Logger\\": "src/"
                }
            },
            "license": [
                "MIT"
            ],
            "authors": [
                {
                    "name": "sebentleitner",
                    "email": "sentleitner@schueler.hakzell.at"
                }
            ],
            "description": "A logger library",
            "transport-options": {
                "relative": true
            }
        }
    ],
    "packages-dev": [],
    "aliases": [],
    "minimum-stability": "dev",
    "stability-flags": [],
    "prefer-stable": false,
    "prefer-lowest": false,
    "platform": [],
    "platform-dev": [],
    "plugin-api-version": "2.6.0"
}
